<?xml version="1.0" encoding="UTF-8" standalone="yes" ?>
<CodeBlocks_project_file>
	<FileVersion major="1" minor="6" />
	<Project>
		<Option title="jogo1" />
		<Option pch_mode="2" />
		<Option compiler="gcc" />
		<Build>
			<Target title="Debug">
				<Option output="bin/Debug/jogo1" prefix_auto="1" extension_auto="1" />
				<Option object_output="obj/Debug/" />
				<Option type="1" />
				<Option compiler="gcc" />
				<Compiler>
					<Add option="-g" />
					<Add directory="include" />
				</Compiler>
				<Linker>
					<Add library="../../allegro-5.0.10-mingw-4.7.0/allegro-5.0.10-mingw-4.7.0/lib/liballegro-5.0.10-monolith-mt-debug.a" />
				</Linker>
			</Target>
			<Target title="Release">
				<Option output="bin/Release/jogo1" prefix_auto="1" extension_auto="1" />
				<Option object_output="obj/Release/" />
				<Option type="1" />
				<Option compiler="gcc" />
				<Compiler>
					<Add option="-O2" />
					<Add directory="include" />
				</Compiler>
				<Linker>
					<Add option="-s" />
					<Add library="../../allegro-5.0.10-mingw-4.7.0/allegro-5.0.10-mingw-4.7.0/lib/liballegro-5.0.10-monolith-mt.a" />
				</Linker>
			</Target>
		</Build>
		<Compiler>
			<Add option="-Wall" />
			<Add directory="../../allegro-5.0.10-mingw-4.7.0/allegro-5.0.10-mingw-4.7.0/include" />
		</Compiler>
		<Unit filename="clouds.cpp">
			<Option target="&lt;{~None~}&gt;" />
		</Unit>
		<Unit filename="fazer" />
		<Unit filename="floor.cpp">
			<Option target="&lt;{~None~}&gt;" />
		</Unit>
		<Unit filename="functions.cpp" />
		<Unit filename="functions.h" />
		<Unit filename="ghosts.cpp">
			<Option target="&lt;{~None~}&gt;" />
		</Unit>
		<Unit filename="global_variables.cpp">
			<Option target="&lt;{~None~}&gt;" />
		</Unit>
		<Unit filename="include/Avatar.h" />
		<Unit filename="include/Personagem.h" />
		<Unit filename="include/SpaceControl.h" />
		<Unit filename="include/functions2.h" />
		<Unit filename="include/person.h" />
		<Unit filename="include/teste.h" />
		<Unit filename="introduction.cpp">
			<Option target="&lt;{~None~}&gt;" />
		</Unit>
		<Unit filename="main.cpp" />
		<Unit filename="personagem.cpp">
			<Option target="&lt;{~None~}&gt;" />
		</Unit>
		<Unit filename="physical.cpp" />
		<Unit filename="physical.h" />
		<Unit filename="src/Avatar.cpp" />
		<Unit filename="src/Personagem.cpp" />
		<Unit filename="src/SpaceControl.cpp" />
		<Unit filename="src/functions2.cpp" />
		<Unit filename="src/person.cpp" />
		<Unit filename="src/teste.cpp" />
		<Extensions>
			<lib_finder disable_auto="1" />
		</Extensions>
	</Project>
</CodeBlocks_project_file>
